
Microsoft Visual Studio Solution File, Format Version 12.00
# Visual Studio Version 17
VisualStudioVersion = 17.12.35527.113 d17.12
MinimumVisualStudioVersion = 10.0.40219.1
Project("{FAE04EC0-301F-11D3-BF4B-00C04F79EFBC}") = "FinanceInsureCare.UI", "FinanceInsureCare.UI\FinanceInsureCare.UI.csproj", "{4F1BB1CC-8071-4571-B694-03C4EAED7777}"
EndProject
Project("{2150E333-8FDC-42A3-9474-1A3956D46DE8}") = "Modules", "Modules", "{DAB730D5-B69D-44C6-ACA4-9B1A6B0B1B93}"
EndProject
Project("{FAE04EC0-301F-11D3-BF4B-00C04F79EFBC}") = "FinanceInsureCare.Core", "FinanceInsureCare.Core\FinanceInsureCare.Core.csproj", "{72E13D0B-2B42-4B17-BA68-5BE52AEA47DE}"
EndProject
Project("{FAE04EC0-301F-11D3-BF4B-00C04F79EFBC}") = "FinanceInsureCare.Modules.Client.UI", "FinanceInsureCare.Modules.Client.UI\FinanceInsureCare.Modules.Client.UI.csproj", "{D17D5FD0-CB78-42A7-920F-7F8EA300E3A3}"
EndProject
Project("{FAE04EC0-301F-11D3-BF4B-00C04F79EFBC}") = "FinanceInsureCare.Modules.Invoice.UI", "FinanceInsureCare.Modules.Invoice.UI\FinanceInsureCare.Modules.Invoice.UI.csproj", "{C8BD9FBA-60A7-494A-9615-B9989AA33822}"
EndProject
Project("{FAE04EC0-301F-11D3-BF4B-00C04F79EFBC}") = "FinanceInsureCare.Modules.Sidebar", "FinanceInsureCare.Modules.Sidebar\FinanceInsureCare.Modules.Sidebar.csproj", "{20A3DF24-57FE-4A7A-B8AF-5B28FF59B6F8}"
EndProject
Project("{FAE04EC0-301F-11D3-BF4B-00C04F79EFBC}") = "FinanceInsureCare.Modules.Topbar", "FinanceInsureCare.Modules.Topbar\FinanceInsureCare.Modules.Topbar.csproj", "{DA702744-2895-4280-A67A-312D452BD36E}"
EndProject
Project("{FAE04EC0-301F-11D3-BF4B-00C04F79EFBC}") = "FinanceInsureCare.Modules.Expense.UI", "FinanceInsureCare.Modules.Expense.UI\FinanceInsureCare.Modules.Expense.UI.csproj", "{87174F90-810F-4DE1-A73E-DAFEC4F3D352}"
EndProject
Project("{FAE04EC0-301F-11D3-BF4B-00C04F79EFBC}") = "FinanceInsureCare.Modules.Income.UI", "FinanceInsureCare.Modules.Income.UI\FinanceInsureCare.Modules.Income.UI.csproj", "{7B14DD09-EB46-4F12-BA18-D7B0338FA013}"
EndProject
Project("{FAE04EC0-301F-11D3-BF4B-00C04F79EFBC}") = "FinanceInsureCare.Modules.Dashboard.UI", "FinanceInsureCare.Modules.Dashboard.UI\FinanceInsureCare.Modules.Dashboard.UI.csproj", "{70E66353-FC22-4686-8C56-6D945E60CC32}"
EndProject
Project("{2150E333-8FDC-42A3-9474-1A3956D46DE8}") = "src", "src", "{DBF9B8C3-5697-410F-B587-482E9CCA02B8}"
EndProject
Project("{2150E333-8FDC-42A3-9474-1A3956D46DE8}") = "Client", "Client", "{610EBC9B-C435-40C6-9D8E-DC53FC1EBB75}"
EndProject
Project("{2150E333-8FDC-42A3-9474-1A3956D46DE8}") = "Dashboard", "Dashboard", "{BDD7B6AA-CE29-4CCB-9C48-6F6E14EEEE1F}"
EndProject
Project("{2150E333-8FDC-42A3-9474-1A3956D46DE8}") = "Expense", "Expense", "{6AFF001D-6CD7-48D9-9D87-F78EA21900DA}"
EndProject
Project("{2150E333-8FDC-42A3-9474-1A3956D46DE8}") = "Income", "Income", "{99593536-1910-4B6D-8FF8-543EEED85A44}"
EndProject
Project("{2150E333-8FDC-42A3-9474-1A3956D46DE8}") = "Invoice", "Invoice", "{5E315419-DB7A-4EDA-98D8-7745786FE02A}"
EndProject
Project("{FAE04EC0-301F-11D3-BF4B-00C04F79EFBC}") = "FinanceInsureCare.Modules.Client.Persistence", "FinanceInsureCare.Modules.Client.Persistence\FinanceInsureCare.Modules.Client.Persistence.csproj", "{69D0F1A7-5E90-4850-9030-48352EC20A32}"
EndProject
Project("{FAE04EC0-301F-11D3-BF4B-00C04F79EFBC}") = "FinanceInsureCare.Modules.Client.Business", "FinanceInsureCare.Modules.Client.Business\FinanceInsureCare.Modules.Client.Business.csproj", "{FB0F0053-FF4F-41D8-B220-48291534D281}"
EndProject
Project("{FAE04EC0-301F-11D3-BF4B-00C04F79EFBC}") = "FinanceInsureCare.Modules.Client.Domain", "FinanceInsureCare.Modules.Client.Domain\FinanceInsureCare.Modules.Client.Domain.csproj", "{D742D461-2509-47FA-A373-5CC345E892A3}"
EndProject
Project("{2150E333-8FDC-42A3-9474-1A3956D46DE8}") = "Sidebar", "Sidebar", "{6BBE11CC-D49A-4949-A873-C74D1F3497CC}"
EndProject
Project("{2150E333-8FDC-42A3-9474-1A3956D46DE8}") = "Topbar", "Topbar", "{5386A247-4B94-4F7C-A688-0882A5FB7C23}"
EndProject
Global
	GlobalSection(SolutionConfigurationPlatforms) = preSolution
		Debug|Any CPU = Debug|Any CPU
		Release|Any CPU = Release|Any CPU
	EndGlobalSection
	GlobalSection(ProjectConfigurationPlatforms) = postSolution
		{4F1BB1CC-8071-4571-B694-03C4EAED7777}.Debug|Any CPU.ActiveCfg = Debug|Any CPU
		{4F1BB1CC-8071-4571-B694-03C4EAED7777}.Debug|Any CPU.Build.0 = Debug|Any CPU
		{4F1BB1CC-8071-4571-B694-03C4EAED7777}.Release|Any CPU.ActiveCfg = Release|Any CPU
		{4F1BB1CC-8071-4571-B694-03C4EAED7777}.Release|Any CPU.Build.0 = Release|Any CPU
		{72E13D0B-2B42-4B17-BA68-5BE52AEA47DE}.Debug|Any CPU.ActiveCfg = Debug|Any CPU
		{72E13D0B-2B42-4B17-BA68-5BE52AEA47DE}.Debug|Any CPU.Build.0 = Debug|Any CPU
		{72E13D0B-2B42-4B17-BA68-5BE52AEA47DE}.Release|Any CPU.ActiveCfg = Release|Any CPU
		{72E13D0B-2B42-4B17-BA68-5BE52AEA47DE}.Release|Any CPU.Build.0 = Release|Any CPU
		{D17D5FD0-CB78-42A7-920F-7F8EA300E3A3}.Debug|Any CPU.ActiveCfg = Debug|Any CPU
		{D17D5FD0-CB78-42A7-920F-7F8EA300E3A3}.Debug|Any CPU.Build.0 = Debug|Any CPU
		{D17D5FD0-CB78-42A7-920F-7F8EA300E3A3}.Release|Any CPU.ActiveCfg = Release|Any CPU
		{D17D5FD0-CB78-42A7-920F-7F8EA300E3A3}.Release|Any CPU.Build.0 = Release|Any CPU
		{C8BD9FBA-60A7-494A-9615-B9989AA33822}.Debug|Any CPU.ActiveCfg = Debug|Any CPU
		{C8BD9FBA-60A7-494A-9615-B9989AA33822}.Debug|Any CPU.Build.0 = Debug|Any CPU
		{C8BD9FBA-60A7-494A-9615-B9989AA33822}.Release|Any CPU.ActiveCfg = Release|Any CPU
		{C8BD9FBA-60A7-494A-9615-B9989AA33822}.Release|Any CPU.Build.0 = Release|Any CPU
		{20A3DF24-57FE-4A7A-B8AF-5B28FF59B6F8}.Debug|Any CPU.ActiveCfg = Debug|Any CPU
		{20A3DF24-57FE-4A7A-B8AF-5B28FF59B6F8}.Debug|Any CPU.Build.0 = Debug|Any CPU
		{20A3DF24-57FE-4A7A-B8AF-5B28FF59B6F8}.Release|Any CPU.ActiveCfg = Release|Any CPU
		{20A3DF24-57FE-4A7A-B8AF-5B28FF59B6F8}.Release|Any CPU.Build.0 = Release|Any CPU
		{DA702744-2895-4280-A67A-312D452BD36E}.Debug|Any CPU.ActiveCfg = Debug|Any CPU
		{DA702744-2895-4280-A67A-312D452BD36E}.Debug|Any CPU.Build.0 = Debug|Any CPU
		{DA702744-2895-4280-A67A-312D452BD36E}.Release|Any CPU.ActiveCfg = Release|Any CPU
		{DA702744-2895-4280-A67A-312D452BD36E}.Release|Any CPU.Build.0 = Release|Any CPU
		{87174F90-810F-4DE1-A73E-DAFEC4F3D352}.Debug|Any CPU.ActiveCfg = Debug|Any CPU
		{87174F90-810F-4DE1-A73E-DAFEC4F3D352}.Debug|Any CPU.Build.0 = Debug|Any CPU
		{87174F90-810F-4DE1-A73E-DAFEC4F3D352}.Release|Any CPU.ActiveCfg = Release|Any CPU
		{87174F90-810F-4DE1-A73E-DAFEC4F3D352}.Release|Any CPU.Build.0 = Release|Any CPU
		{7B14DD09-EB46-4F12-BA18-D7B0338FA013}.Debug|Any CPU.ActiveCfg = Debug|Any CPU
		{7B14DD09-EB46-4F12-BA18-D7B0338FA013}.Debug|Any CPU.Build.0 = Debug|Any CPU
		{7B14DD09-EB46-4F12-BA18-D7B0338FA013}.Release|Any CPU.ActiveCfg = Release|Any CPU
		{7B14DD09-EB46-4F12-BA18-D7B0338FA013}.Release|Any CPU.Build.0 = Release|Any CPU
		{70E66353-FC22-4686-8C56-6D945E60CC32}.Debug|Any CPU.ActiveCfg = Debug|Any CPU
		{70E66353-FC22-4686-8C56-6D945E60CC32}.Debug|Any CPU.Build.0 = Debug|Any CPU
		{70E66353-FC22-4686-8C56-6D945E60CC32}.Release|Any CPU.ActiveCfg = Release|Any CPU
		{70E66353-FC22-4686-8C56-6D945E60CC32}.Release|Any CPU.Build.0 = Release|Any CPU
		{69D0F1A7-5E90-4850-9030-48352EC20A32}.Debug|Any CPU.ActiveCfg = Debug|Any CPU
		{69D0F1A7-5E90-4850-9030-48352EC20A32}.Debug|Any CPU.Build.0 = Debug|Any CPU
		{69D0F1A7-5E90-4850-9030-48352EC20A32}.Release|Any CPU.ActiveCfg = Release|Any CPU
		{69D0F1A7-5E90-4850-9030-48352EC20A32}.Release|Any CPU.Build.0 = Release|Any CPU
		{FB0F0053-FF4F-41D8-B220-48291534D281}.Debug|Any CPU.ActiveCfg = Debug|Any CPU
		{FB0F0053-FF4F-41D8-B220-48291534D281}.Debug|Any CPU.Build.0 = Debug|Any CPU
		{FB0F0053-FF4F-41D8-B220-48291534D281}.Release|Any CPU.ActiveCfg = Release|Any CPU
		{FB0F0053-FF4F-41D8-B220-48291534D281}.Release|Any CPU.Build.0 = Release|Any CPU
		{D742D461-2509-47FA-A373-5CC345E892A3}.Debug|Any CPU.ActiveCfg = Debug|Any CPU
		{D742D461-2509-47FA-A373-5CC345E892A3}.Debug|Any CPU.Build.0 = Debug|Any CPU
		{D742D461-2509-47FA-A373-5CC345E892A3}.Release|Any CPU.ActiveCfg = Release|Any CPU
		{D742D461-2509-47FA-A373-5CC345E892A3}.Release|Any CPU.Build.0 = Release|Any CPU
	EndGlobalSection
	GlobalSection(SolutionProperties) = preSolution
		HideSolutionNode = FALSE
	EndGlobalSection
	GlobalSection(NestedProjects) = preSolution
		{DAB730D5-B69D-44C6-ACA4-9B1A6B0B1B93} = {DBF9B8C3-5697-410F-B587-482E9CCA02B8}
		{72E13D0B-2B42-4B17-BA68-5BE52AEA47DE} = {DBF9B8C3-5697-410F-B587-482E9CCA02B8}
		{4F1BB1CC-8071-4571-B694-03C4EAED7777} = {DBF9B8C3-5697-410F-B587-482E9CCA02B8}
		{610EBC9B-C435-40C6-9D8E-DC53FC1EBB75} = {DAB730D5-B69D-44C6-ACA4-9B1A6B0B1B93}
		{BDD7B6AA-CE29-4CCB-9C48-6F6E14EEEE1F} = {DAB730D5-B69D-44C6-ACA4-9B1A6B0B1B93}
		{6AFF001D-6CD7-48D9-9D87-F78EA21900DA} = {DAB730D5-B69D-44C6-ACA4-9B1A6B0B1B93}
		{99593536-1910-4B6D-8FF8-543EEED85A44} = {DAB730D5-B69D-44C6-ACA4-9B1A6B0B1B93}
		{5E315419-DB7A-4EDA-98D8-7745786FE02A} = {DAB730D5-B69D-44C6-ACA4-9B1A6B0B1B93}
		{D17D5FD0-CB78-42A7-920F-7F8EA300E3A3} = {610EBC9B-C435-40C6-9D8E-DC53FC1EBB75}
		{69D0F1A7-5E90-4850-9030-48352EC20A32} = {610EBC9B-C435-40C6-9D8E-DC53FC1EBB75}
		{FB0F0053-FF4F-41D8-B220-48291534D281} = {610EBC9B-C435-40C6-9D8E-DC53FC1EBB75}
		{D742D461-2509-47FA-A373-5CC345E892A3} = {610EBC9B-C435-40C6-9D8E-DC53FC1EBB75}
		{70E66353-FC22-4686-8C56-6D945E60CC32} = {BDD7B6AA-CE29-4CCB-9C48-6F6E14EEEE1F}
		{87174F90-810F-4DE1-A73E-DAFEC4F3D352} = {6AFF001D-6CD7-48D9-9D87-F78EA21900DA}
		{7B14DD09-EB46-4F12-BA18-D7B0338FA013} = {99593536-1910-4B6D-8FF8-543EEED85A44}
		{C8BD9FBA-60A7-494A-9615-B9989AA33822} = {5E315419-DB7A-4EDA-98D8-7745786FE02A}
		{6BBE11CC-D49A-4949-A873-C74D1F3497CC} = {DAB730D5-B69D-44C6-ACA4-9B1A6B0B1B93}
		{5386A247-4B94-4F7C-A688-0882A5FB7C23} = {DAB730D5-B69D-44C6-ACA4-9B1A6B0B1B93}
		{20A3DF24-57FE-4A7A-B8AF-5B28FF59B6F8} = {6BBE11CC-D49A-4949-A873-C74D1F3497CC}
		{DA702744-2895-4280-A67A-312D452BD36E} = {5386A247-4B94-4F7C-A688-0882A5FB7C23}
	EndGlobalSection
EndGlobal
