
Microsoft Visual Studio Solution File, Format Version 12.00
# Visual Studio Version 17
VisualStudioVersion = 17.12.35527.113 d17.12
MinimumVisualStudioVersion = 10.0.40219.1
Project("{FAE04EC0-301F-11D3-BF4B-00C04F79EFBC}") = "FinanceInsureCare.UI", "FinanceInsureCare.UI\FinanceInsureCare.UI.csproj", "{4F1BB1CC-8071-4571-B694-03C4EAED7777}"
EndProject
Project("{2150E333-8FDC-42A3-9474-1A3956D46DE8}") = "FinanceInsureCare.Modules", "FinanceInsureCare.Modules", "{DAB730D5-B69D-44C6-ACA4-9B1A6B0B1B93}"
EndProject
Project("{FAE04EC0-301F-11D3-BF4B-00C04F79EFBC}") = "FinanceInsureCare.Core", "FinanceInsureCare.Core\FinanceInsureCare.Core.csproj", "{72E13D0B-2B42-4B17-BA68-5BE52AEA47DE}"
EndProject
Project("{FAE04EC0-301F-11D3-BF4B-00C04F79EFBC}") = "FinanceInsureCare.Modules.Client", "FinanceInsureCare.Modules.Client\FinanceInsureCare.Modules.Client.csproj", "{D17D5FD0-CB78-42A7-920F-7F8EA300E3A3}"
EndProject
Project("{FAE04EC0-301F-11D3-BF4B-00C04F79EFBC}") = "FinanceInsureCare.Modules.Invoice", "FinanceInsureCare.Modules.Invoice\FinanceInsureCare.Modules.Invoice.csproj", "{C8BD9FBA-60A7-494A-9615-B9989AA33822}"
EndProject
Project("{FAE04EC0-301F-11D3-BF4B-00C04F79EFBC}") = "FinanceInsureCare.Modules.Sidebar", "FinanceInsureCare.Modules.Sidebar\FinanceInsureCare.Modules.Sidebar.csproj", "{20A3DF24-57FE-4A7A-B8AF-5B28FF59B6F8}"
EndProject
Project("{FAE04EC0-301F-11D3-BF4B-00C04F79EFBC}") = "FinanceInsureCare.Modules.Topbar", "FinanceInsureCare.Modules.Topbar\FinanceInsureCare.Modules.Topbar.csproj", "{DA702744-2895-4280-A67A-312D452BD36E}"
EndProject
Project("{FAE04EC0-301F-11D3-BF4B-00C04F79EFBC}") = "FinanceInsureCare.Modules.Expense", "FinanceInsureCare.Modules.Expense\FinanceInsureCare.Modules.Expense.csproj", "{87174F90-810F-4DE1-A73E-DAFEC4F3D352}"
EndProject
Project("{FAE04EC0-301F-11D3-BF4B-00C04F79EFBC}") = "FinanceInsureCare.Modules.Income", "FinanceInsureCare.Modules.Income\FinanceInsureCare.Modules.Income.csproj", "{7B14DD09-EB46-4F12-BA18-D7B0338FA013}"
EndProject
Project("{FAE04EC0-301F-11D3-BF4B-00C04F79EFBC}") = "FinanceInsureCare.Modules.Dashboard", "FinanceInsureCare.Modules.Dashboard\FinanceInsureCare.Modules.Dashboard.csproj", "{70E66353-FC22-4686-8C56-6D945E60CC32}"
EndProject
Global
	GlobalSection(SolutionConfigurationPlatforms) = preSolution
		Debug|Any CPU = Debug|Any CPU
		Release|Any CPU = Release|Any CPU
	EndGlobalSection
	GlobalSection(ProjectConfigurationPlatforms) = postSolution
		{4F1BB1CC-8071-4571-B694-03C4EAED7777}.Debug|Any CPU.ActiveCfg = Debug|Any CPU
		{4F1BB1CC-8071-4571-B694-03C4EAED7777}.Debug|Any CPU.Build.0 = Debug|Any CPU
		{4F1BB1CC-8071-4571-B694-03C4EAED7777}.Release|Any CPU.ActiveCfg = Release|Any CPU
		{4F1BB1CC-8071-4571-B694-03C4EAED7777}.Release|Any CPU.Build.0 = Release|Any CPU
		{72E13D0B-2B42-4B17-BA68-5BE52AEA47DE}.Debug|Any CPU.ActiveCfg = Debug|Any CPU
		{72E13D0B-2B42-4B17-BA68-5BE52AEA47DE}.Debug|Any CPU.Build.0 = Debug|Any CPU
		{72E13D0B-2B42-4B17-BA68-5BE52AEA47DE}.Release|Any CPU.ActiveCfg = Release|Any CPU
		{72E13D0B-2B42-4B17-BA68-5BE52AEA47DE}.Release|Any CPU.Build.0 = Release|Any CPU
		{D17D5FD0-CB78-42A7-920F-7F8EA300E3A3}.Debug|Any CPU.ActiveCfg = Debug|Any CPU
		{D17D5FD0-CB78-42A7-920F-7F8EA300E3A3}.Debug|Any CPU.Build.0 = Debug|Any CPU
		{D17D5FD0-CB78-42A7-920F-7F8EA300E3A3}.Release|Any CPU.ActiveCfg = Release|Any CPU
		{D17D5FD0-CB78-42A7-920F-7F8EA300E3A3}.Release|Any CPU.Build.0 = Release|Any CPU
		{C8BD9FBA-60A7-494A-9615-B9989AA33822}.Debug|Any CPU.ActiveCfg = Debug|Any CPU
		{C8BD9FBA-60A7-494A-9615-B9989AA33822}.Debug|Any CPU.Build.0 = Debug|Any CPU
		{C8BD9FBA-60A7-494A-9615-B9989AA33822}.Release|Any CPU.ActiveCfg = Release|Any CPU
		{C8BD9FBA-60A7-494A-9615-B9989AA33822}.Release|Any CPU.Build.0 = Release|Any CPU
		{20A3DF24-57FE-4A7A-B8AF-5B28FF59B6F8}.Debug|Any CPU.ActiveCfg = Debug|Any CPU
		{20A3DF24-57FE-4A7A-B8AF-5B28FF59B6F8}.Debug|Any CPU.Build.0 = Debug|Any CPU
		{20A3DF24-57FE-4A7A-B8AF-5B28FF59B6F8}.Release|Any CPU.ActiveCfg = Release|Any CPU
		{20A3DF24-57FE-4A7A-B8AF-5B28FF59B6F8}.Release|Any CPU.Build.0 = Release|Any CPU
		{DA702744-2895-4280-A67A-312D452BD36E}.Debug|Any CPU.ActiveCfg = Debug|Any CPU
		{DA702744-2895-4280-A67A-312D452BD36E}.Debug|Any CPU.Build.0 = Debug|Any CPU
		{DA702744-2895-4280-A67A-312D452BD36E}.Release|Any CPU.ActiveCfg = Release|Any CPU
		{DA702744-2895-4280-A67A-312D452BD36E}.Release|Any CPU.Build.0 = Release|Any CPU
		{87174F90-810F-4DE1-A73E-DAFEC4F3D352}.Debug|Any CPU.ActiveCfg = Debug|Any CPU
		{87174F90-810F-4DE1-A73E-DAFEC4F3D352}.Debug|Any CPU.Build.0 = Debug|Any CPU
		{87174F90-810F-4DE1-A73E-DAFEC4F3D352}.Release|Any CPU.ActiveCfg = Release|Any CPU
		{87174F90-810F-4DE1-A73E-DAFEC4F3D352}.Release|Any CPU.Build.0 = Release|Any CPU
		{7B14DD09-EB46-4F12-BA18-D7B0338FA013}.Debug|Any CPU.ActiveCfg = Debug|Any CPU
		{7B14DD09-EB46-4F12-BA18-D7B0338FA013}.Debug|Any CPU.Build.0 = Debug|Any CPU
		{7B14DD09-EB46-4F12-BA18-D7B0338FA013}.Release|Any CPU.ActiveCfg = Release|Any CPU
		{7B14DD09-EB46-4F12-BA18-D7B0338FA013}.Release|Any CPU.Build.0 = Release|Any CPU
		{70E66353-FC22-4686-8C56-6D945E60CC32}.Debug|Any CPU.ActiveCfg = Debug|Any CPU
		{70E66353-FC22-4686-8C56-6D945E60CC32}.Debug|Any CPU.Build.0 = Debug|Any CPU
		{70E66353-FC22-4686-8C56-6D945E60CC32}.Release|Any CPU.ActiveCfg = Release|Any CPU
		{70E66353-FC22-4686-8C56-6D945E60CC32}.Release|Any CPU.Build.0 = Release|Any CPU
	EndGlobalSection
	GlobalSection(SolutionProperties) = preSolution
		HideSolutionNode = FALSE
	EndGlobalSection
	GlobalSection(NestedProjects) = preSolution
		{D17D5FD0-CB78-42A7-920F-7F8EA300E3A3} = {DAB730D5-B69D-44C6-ACA4-9B1A6B0B1B93}
		{C8BD9FBA-60A7-494A-9615-B9989AA33822} = {DAB730D5-B69D-44C6-ACA4-9B1A6B0B1B93}
		{20A3DF24-57FE-4A7A-B8AF-5B28FF59B6F8} = {DAB730D5-B69D-44C6-ACA4-9B1A6B0B1B93}
		{DA702744-2895-4280-A67A-312D452BD36E} = {DAB730D5-B69D-44C6-ACA4-9B1A6B0B1B93}
		{87174F90-810F-4DE1-A73E-DAFEC4F3D352} = {DAB730D5-B69D-44C6-ACA4-9B1A6B0B1B93}
		{7B14DD09-EB46-4F12-BA18-D7B0338FA013} = {DAB730D5-B69D-44C6-ACA4-9B1A6B0B1B93}
		{70E66353-FC22-4686-8C56-6D945E60CC32} = {DAB730D5-B69D-44C6-ACA4-9B1A6B0B1B93}
	EndGlobalSection
EndGlobal
